
Microsoft Visual Studio Solution File, Format Version 12.00
# Visual Studio 15
VisualStudioVersion = 15.0.27130.2027
MinimumVisualStudioVersion = 10.0.40219.1
Project("{8BC9CEB8-8B4A-11D0-8D11-00A0C91BC942}") = "Calculator", "Calculator\Calculator.vcxproj", "{02507C7F-C109-43D9-A90E-9D28506E4374}"
EndProject
Global
	GlobalSection(SolutionConfigurationPlatforms) = preSolution
		Debug|x64 = Debug|x64
		Debug|x86 = Debug|x86
		Release|x64 = Release|x64
		Release|x86 = Release|x86
	EndGlobalSection
	GlobalSection(ProjectConfigurationPlatforms) = postSolution
		{02507C7F-C109-43D9-A90E-9D28506E4374}.Debug|x64.ActiveCfg = Debug|x64
		{02507C7F-C109-43D9-A90E-9D28506E4374}.Debug|x64.Build.0 = Debug|x64
		{02507C7F-C109-43D9-A90E-9D28506E4374}.Debug|x86.ActiveCfg = Debug|Win32
		{02507C7F-C109-43D9-A90E-9D28506E4374}.Debug|x86.Build.0 = Debug|Win32
		{02507C7F-C109-43D9-A90E-9D28506E4374}.Release|x64.ActiveCfg = Release|x64
		{02507C7F-C109-43D9-A90E-9D28506E4374}.Release|x64.Build.0 = Release|x64
		{02507C7F-C109-43D9-A90E-9D28506E4374}.Release|x86.ActiveCfg = Release|Win32
		{02507C7F-C109-43D9-A90E-9D28506E4374}.Release|x86.Build.0 = Release|Win32
	EndGlobalSection
	GlobalSection(SolutionProperties) = preSolution
		HideSolutionNode = FALSE
	EndGlobalSection
	GlobalSection(ExtensibilityGlobals) = postSolution
		SolutionGuid = {A661FDC5-716F-4E01-8AFB-2E20DC30E88D}
	EndGlobalSection
EndGlobal
